
Microsoft Visual Studio Solution File, Format Version 12.00
# Visual Studio Version 17
VisualStudioVersion = 17.11.35222.181
MinimumVisualStudioVersion = 10.0.40219.1
Project("{FAE04EC0-301F-11D3-BF4B-00C04F79EFBC}") = "StockManagement.ConsoleUI", "StockManagement.ConsoleUI\StockManagement.ConsoleUI.csproj", "{81021CA8-3C2D-4737-8858-C3DC04EA7931}"
EndProject
Global
	GlobalSection(SolutionConfigurationPlatforms) = preSolution
		Debug|Any CPU = Debug|Any CPU
		Release|Any CPU = Release|Any CPU
	EndGlobalSection
	GlobalSection(ProjectConfigurationPlatforms) = postSolution
		{81021CA8-3C2D-4737-8858-C3DC04EA7931}.Debug|Any CPU.ActiveCfg = Debug|Any CPU
		{81021CA8-3C2D-4737-8858-C3DC04EA7931}.Debug|Any CPU.Build.0 = Debug|Any CPU
		{81021CA8-3C2D-4737-8858-C3DC04EA7931}.Release|Any CPU.ActiveCfg = Release|Any CPU
		{81021CA8-3C2D-4737-8858-C3DC04EA7931}.Release|Any CPU.Build.0 = Release|Any CPU
	EndGlobalSection
	GlobalSection(SolutionProperties) = preSolution
		HideSolutionNode = FALSE
	EndGlobalSection
	GlobalSection(ExtensibilityGlobals) = postSolution
		SolutionGuid = {95DE5FB4-4BC4-437D-8254-821EC8CCC0EF}
	EndGlobalSection
EndGlobal
